
Microsoft Visual Studio Solution File, Format Version 12.00
# Visual Studio Version 16
VisualStudioVersion = 16.0.29905.134
MinimumVisualStudioVersion = 10.0.40219.1
Project("{FAE04EC0-301F-11D3-BF4B-00C04F79EFBC}") = "SmartFieldMapper.BusinessLayer", "CustomFieldMapper.BusinessLayer\SmartFieldMapper.BusinessLayer.csproj", "{7C5D5E76-9F43-4CB3-A177-C06D0EE01BE5}"
EndProject
Project("{FAE04EC0-301F-11D3-BF4B-00C04F79EFBC}") = "SmartFieldMapper.DataAccessLayer", "CustomFieldMapper.DataAccessLayer\SmartFieldMapper.DataAccessLayer.csproj", "{4F452C44-25CB-477B-A6F3-E9064FE45982}"
EndProject
Project("{FAE04EC0-301F-11D3-BF4B-00C04F79EFBC}") = "SmartFieldMapper.WebAPI", "CustomFieldMapper.WebAPI\SmartFieldMapper.WebAPI.csproj", "{3D9712C2-6EF3-41A0-8C46-35FD7E162A0B}"
EndProject
Global
	GlobalSection(SolutionConfigurationPlatforms) = preSolution
		Debug|Any CPU = Debug|Any CPU
		Release|Any CPU = Release|Any CPU
	EndGlobalSection
	GlobalSection(ProjectConfigurationPlatforms) = postSolution
		{7C5D5E76-9F43-4CB3-A177-C06D0EE01BE5}.Debug|Any CPU.ActiveCfg = Debug|Any CPU
		{7C5D5E76-9F43-4CB3-A177-C06D0EE01BE5}.Debug|Any CPU.Build.0 = Debug|Any CPU
		{7C5D5E76-9F43-4CB3-A177-C06D0EE01BE5}.Release|Any CPU.ActiveCfg = Release|Any CPU
		{7C5D5E76-9F43-4CB3-A177-C06D0EE01BE5}.Release|Any CPU.Build.0 = Release|Any CPU
		{4F452C44-25CB-477B-A6F3-E9064FE45982}.Debug|Any CPU.ActiveCfg = Debug|Any CPU
		{4F452C44-25CB-477B-A6F3-E9064FE45982}.Debug|Any CPU.Build.0 = Debug|Any CPU
		{4F452C44-25CB-477B-A6F3-E9064FE45982}.Release|Any CPU.ActiveCfg = Release|Any CPU
		{4F452C44-25CB-477B-A6F3-E9064FE45982}.Release|Any CPU.Build.0 = Release|Any CPU
		{3D9712C2-6EF3-41A0-8C46-35FD7E162A0B}.Debug|Any CPU.ActiveCfg = Debug|Any CPU
		{3D9712C2-6EF3-41A0-8C46-35FD7E162A0B}.Debug|Any CPU.Build.0 = Debug|Any CPU
		{3D9712C2-6EF3-41A0-8C46-35FD7E162A0B}.Release|Any CPU.ActiveCfg = Release|Any CPU
		{3D9712C2-6EF3-41A0-8C46-35FD7E162A0B}.Release|Any CPU.Build.0 = Release|Any CPU
	EndGlobalSection
	GlobalSection(SolutionProperties) = preSolution
		HideSolutionNode = FALSE
	EndGlobalSection
	GlobalSection(ExtensibilityGlobals) = postSolution
		SolutionGuid = {FDE7C7B8-E3B1-4932-A76B-14730E2E502F}
	EndGlobalSection
EndGlobal
